
Microsoft Visual Studio Solution File, Format Version 12.00
# Visual Studio 15
VisualStudioVersion = 15.0.28307.2092
MinimumVisualStudioVersion = 10.0.40219.1
Project("{8BC9CEB8-8B4A-11D0-8D11-00A0C91BC942}") = "P_12", "P_12\P_12.vcxproj", "{D6DBE1EC-EA24-4032-9F37-B6FBD6ED177B}"
EndProject
Global
	GlobalSection(SolutionConfigurationPlatforms) = preSolution
		Debug|x64 = Debug|x64
		Debug|x86 = Debug|x86
		Release|x64 = Release|x64
		Release|x86 = Release|x86
	EndGlobalSection
	GlobalSection(ProjectConfigurationPlatforms) = postSolution
		{D6DBE1EC-EA24-4032-9F37-B6FBD6ED177B}.Debug|x64.ActiveCfg = Debug|x64
		{D6DBE1EC-EA24-4032-9F37-B6FBD6ED177B}.Debug|x64.Build.0 = Debug|x64
		{D6DBE1EC-EA24-4032-9F37-B6FBD6ED177B}.Debug|x86.ActiveCfg = Debug|Win32
		{D6DBE1EC-EA24-4032-9F37-B6FBD6ED177B}.Debug|x86.Build.0 = Debug|Win32
		{D6DBE1EC-EA24-4032-9F37-B6FBD6ED177B}.Release|x64.ActiveCfg = Release|x64
		{D6DBE1EC-EA24-4032-9F37-B6FBD6ED177B}.Release|x64.Build.0 = Release|x64
		{D6DBE1EC-EA24-4032-9F37-B6FBD6ED177B}.Release|x86.ActiveCfg = Release|Win32
		{D6DBE1EC-EA24-4032-9F37-B6FBD6ED177B}.Release|x86.Build.0 = Release|Win32
	EndGlobalSection
	GlobalSection(SolutionProperties) = preSolution
		HideSolutionNode = FALSE
	EndGlobalSection
	GlobalSection(ExtensibilityGlobals) = postSolution
		SolutionGuid = {E482179D-1B5B-4089-BF54-04DC29250670}
	EndGlobalSection
EndGlobal
